
Microsoft Visual Studio Solution File, Format Version 12.00
# Visual Studio Version 17
VisualStudioVersion = 17.14.36414.22
MinimumVisualStudioVersion = 10.0.40219.1
Project("{FAE04EC0-301F-11D3-BF4B-00C04F79EFBC}") = "Moto", "MotoDBApp\Moto.csproj", "{0C28E47C-0FDA-4F70-913A-D4BE72827992}"
EndProject
Global
	GlobalSection(SolutionConfigurationPlatforms) = preSolution
		Debug|Any CPU = Debug|Any CPU
		Release|Any CPU = Release|Any CPU
	EndGlobalSection
	GlobalSection(ProjectConfigurationPlatforms) = postSolution
		{0C28E47C-0FDA-4F70-913A-D4BE72827992}.Debug|Any CPU.ActiveCfg = Debug|Any CPU
		{0C28E47C-0FDA-4F70-913A-D4BE72827992}.Debug|Any CPU.Build.0 = Debug|Any CPU
		{0C28E47C-0FDA-4F70-913A-D4BE72827992}.Release|Any CPU.ActiveCfg = Release|Any CPU
		{0C28E47C-0FDA-4F70-913A-D4BE72827992}.Release|Any CPU.Build.0 = Release|Any CPU
	EndGlobalSection
	GlobalSection(SolutionProperties) = preSolution
		HideSolutionNode = FALSE
	EndGlobalSection
	GlobalSection(ExtensibilityGlobals) = postSolution
		SolutionGuid = {F571E58E-EBEE-4B32-A4EA-E57683D1AE14}
	EndGlobalSection
EndGlobal
